// !$*UTF8*$!
{
	archiveVersion = 1;
	classes = {
	};
	objectVersion = 46;
	objects = {

/* Begin PBXBuildFile section */
		90A6D0571DA88DA7007741DA /* AppDelegate.swift in Sources */ = {isa = PBXBuildFile; fileRef = 90A6D0561DA88DA7007741DA /* AppDelegate.swift */; };
		90A6D0591DA88DA7007741DA /* ViewController.swift in Sources */ = {isa = PBXBuildFile; fileRef = 90A6D0581DA88DA7007741DA /* ViewController.swift */; };
		90A6D05C1DA88DA7007741DA /* Main.storyboard in Resources */ = {isa = PBXBuildFile; fileRef = 90A6D05A1DA88DA7007741DA /* Main.storyboard */; };
		90A6D05E1DA88DA7007741DA /* Assets.xcassets in Resources */ = {isa = PBXBuildFile; fileRef = 90A6D05D1DA88DA7007741DA /* Assets.xcassets */; };
		90A6D0611DA88DA7007741DA /* LaunchScreen.storyboard in Resources */ = {isa = PBXBuildFile; fileRef = 90A6D05F1DA88DA7007741DA /* LaunchScreen.storyboard */; };
/* End PBXBuildFile section */

/* Begin PBXFileReference section */
		90A6D0531DA88DA7007741DA /* SourceDemo.app */ = {isa = PBXFileReference; explicitFileType = wrapper.application; includeInIndex = 0; path = SourceDemo.app; sourceTree = BUILT_PRODUCTS_DIR; };
		90A6D0561DA88DA7007741DA /* AppDelegate.swift */ = {isa = PBXFileReference; lastKnownFileType = sourcecode.swift; path = AppDelegate.swift; sourceTree = "<group>"; };
		90A6D0581DA88DA7007741DA /* ViewController.swift */ = {isa = PBXFileReference; lastKnownFileType = sourcecode.swift; path = ViewController.swift; sourceTree = "<group>"; };
		90A6D05B1DA88DA7007741DA /* Base */ = {isa = PBXFileReference; lastKnownFileType = file.storyboard; name = Base; path = Base.lproj/Main.storyboard; sourceTree = "<group>"; };
		90A6D05D1DA88DA7007741DA /* Assets.xcassets */ = {isa = PBXFileReference; lastKnownFileType = folder.assetcatalog; path = Assets.xcassets; sourceTree = "<group>"; };
		90A6D0601DA88DA7007741DA /* Base */ = {isa = PBXFileReference; lastKnownFileType = file.storyboard; name = Base; path = Base.lproj/LaunchScreen.storyboard; sourceTree = "<group>"; };
		90A6D0621DA88DA7007741DA /* Info.plist */ = {isa = PBXFileReference; lastKnownFileType = text.plist.xml; path = Info.plist; sourceTree = "<group>"; };
/* End PBXFileReference section */

/* Begin PBXFrameworksBuildPhase section */
		90A6D0501DA88DA7007741DA /* Frameworks */ = {
			isa = PBXFrameworksBuildPhase;
			buildActionMask = 2147483647;
			files = (
			);
			runOnlyForDeploymentPostprocessing = 0;
		};
/* End PBXFrameworksBuildPhase section */

/* Begin PBXGroup section */
		90A6D04A1DA88DA7007741DA = {
			isa = PBXGroup;
			children = (
				90A6D0551DA88DA7007741DA /* SourceDemo */,
				90A6D0541DA88DA7007741DA /* Products */,
			);
			sourceTree = "<group>";
		};
		90A6D0541DA88DA7007741DA /* Products */ = {
			isa = PBXGroup;
			children = (
				90A6D0531DA88DA7007741DA /* SourceDemo.app */,
			);
			name = Products;
			sourceTree = "<group>";
		};
		90A6D0551DA88DA7007741DA /* SourceDemo */ = {
			isa = PBXGroup;
			children = (
				90A6D0561DA88DA7007741DA /* AppDelegate.swift */,
				90A6D0581DA88DA7007741DA /* ViewController.swift */,
				90A6D05A1DA88DA7007741DA /* Main.storyboard */,
				90A6D05D1DA88DA7007741DA /* Assets.xcassets */,
				90A6D05F1DA88DA7007741DA /* LaunchScreen.storyboard */,
				90A6D0621DA88DA7007741DA /* Info.plist */,
			);
			path = SourceDemo;
			sourceTree = "<group>";
		};
/* End PBXGroup section */

/* Begin PBXNativeTarget section */
		90A6D0521DA88DA7007741DA /* SourceDemo */ = {
			isa = PBXNativeTarget;
			buildConfigurationList = 90A6D0651DA88DA7007741DA /* Build configuration list for PBXNativeTarget "SourceDemo" */;
			buildPhases = (
				90A6D04F1DA88DA7007741DA /* Sources */,
				90A6D0501DA88DA7007741DA /* Frameworks */,
				90A6D0511DA88DA7007741DA /* Resources */,
			);
			buildRules = (
			);
			dependencies = (
			);
			name = SourceDemo;
			productName = SourceDemo;
			productReference = 90A6D0531DA88DA7007741DA /* SourceDemo.app */;
			productType = "com.apple.product-type.application";
		};
/* End PBXNativeTarget section */

/* Begin PBXProject section */
		90A6D04B1DA88DA7007741DA /* Project object */ = {
			isa = PBXProject;
			attributes = {
				LastSwiftUpdateCheck = 0720;
				LastUpgradeCheck = 0720;
				ORGANIZATIONNAME = wangzq;
				TargetAttributes = {
					90A6D0521DA88DA7007741DA = {
						CreatedOnToolsVersion = 7.2.1;
					};
				};
			};
			buildConfigurationList = 90A6D04E1DA88DA7007741DA /* Build configuration list for PBXProject "SourceDemo" */;
			compatibilityVersion = "Xcode 3.2";
			developmentRegion = English;
			hasScannedForEncodings = 0;
			knownRegions = (
				en,
				Base,
			);
			mainGroup = 90A6D04A1DA88DA7007741DA;
			productRefGroup = 90A6D0541DA88DA7007741DA /* Products */;
			projectDirPath = "";
			projectRoot = "";
			targets = (
				90A6D0521DA88DA7007741DA /* SourceDemo */,
			);
		};
/* End PBXProject section */

/* Begin PBXResourcesBuildPhase section */
		90A6D0511DA88DA7007741DA /* Resources */ = {
			isa = PBXResourcesBuildPhase;
			buildActionMask = 2147483647;
			files = (
				90A6D0611DA88DA7007741DA /* LaunchScreen.storyboard in Resources */,
				90A6D05E1DA88DA7007741DA /* Assets.xcassets in Resources */,
				90A6D05C1DA88DA7007741DA /* Main.storyboard in Resources */,
			);
			runOnlyForDeploymentPostprocessing = 0;
		};
/* End PBXResourcesBuildPhase section */

/* Begin PBXSourcesBuildPhase section */
		90A6D04F1DA88DA7007741DA /* Sources */ = {
			isa = PBXSourcesBuildPhase;
			buildActionMask = 2147483647;
			files = (
				90A6D0591DA88DA7007741DA /* ViewController.swift in Sources */,
				90A6D0571DA88DA7007741DA /* AppDelegate.swift in Sources */,
			);
			runOnlyForDeploymentPostprocessing = 0;
		};
/* End PBXSourcesBuildPhase section */

/* Begin PBXVariantGroup section */
		90A6D05A1DA88DA7007741DA /* Main.storyboard */ = {
			isa = PBXVariantGroup;
			children = (
				90A6D05B1DA88DA7007741DA /* Base */,
			);
			name = Main.storyboard;
			sourceTree = "<group>";
		};
		90A6D05F1DA88DA7007741DA /* LaunchScreen.storyboard */ = {
			isa = PBXVariantGroup;
			children = (
				90A6D0601DA88DA7007741DA /* Base */,
			);
			name = LaunchScreen.storyboard;
			sourceTree = "<group>";
		};
/* End PBXVariantGroup section */

/* Begin XCBuildConfiguration section */
		90A6D0631DA88DA7007741DA /* Debug */ = {
			isa = XCBuildConfiguration;
			buildSettings = {
				ALWAYS_SEARCH_USER_PATHS = NO;
				CLANG_CXX_LANGUAGE_STANDARD = "gnu++0x";
				CLANG_CXX_LIBRARY = "libc++";
				CLANG_ENABLE_MODULES = YES;
				CLANG_ENABLE_OBJC_ARC = YES;
				CLANG_WARN_BOOL_CONVERSION = YES;
				CLANG_WARN_CONSTANT_CONVERSION = YES;
				CLANG_WARN_DIRECT_OBJC_ISA_USAGE = YES_ERROR;
				CLANG_WARN_EMPTY_BODY = YES;
				CLANG_WARN_ENUM_CONVERSION = YES;
				CLANG_WARN_INT_CONVERSION = YES;
				CLANG_WARN_OBJC_ROOT_CLASS = YES_ERROR;
				CLANG_WARN_UNREACHABLE_CODE = YES;
				CLANG_WARN__DUPLICATE_METHOD_MATCH = YES;
				"CODE_SIGN_IDENTITY[sdk=iphoneos*]" = "iPhone Developer";
				COPY_PHASE_STRIP = NO;
				DEBUG_INFORMATION_FORMAT = dwarf;
				ENABLE_STRICT_OBJC_MSGSEND = YES;
				ENABLE_TESTABILITY = YES;
				GCC_C_LANGUAGE_STANDARD = gnu99;
				GCC_DYNAMIC_NO_PIC = NO;
				GCC_NO_COMMON_BLOCKS = YES;
				GCC_OPTIMIZATION_LEVEL = 0;
				GCC_PREPROCESSOR_DEFINITIONS = (
					"DEBUG=1",
					"$(inherited)",
				);
				GCC_WARN_64_TO_32_BIT_CONVERSION = YES;
				GCC_WARN_ABOUT_RETURN_TYPE = YES_ERROR;
				GCC_WARN_UNDECLARED_SELECTOR = YES;
				GCC_WARN_UNINITIALIZED_AUTOS = YES_AGGRESSIVE;
				GCC_WARN_UNUSED_FUNCTION = YES;
				GCC_WARN_UNUSED_VARIABLE = YES;
				IPHONEOS_DEPLOYMENT_TARGET = 9.2;
				MTL_ENABLE_DEBUG_INFO = YES;
				ONLY_ACTIVE_ARCH = YES;
				SDKROOT = iphoneos;
				SWIFT_OPTIMIZATION_LEVEL = "-Onone";
			};
			name = Debug;
		};
		90A6D0641DA88DA7007741DA /* Release */ = {
			isa = XCBuildConfiguration;
			buildSettings = {
				ALWAYS_SEARCH_USER_PATHS = NO;
				CLANG_CXX_LANGUAGE_STANDARD = "gnu++0x";
				CLANG_CXX_LIBRARY = "libc++";
				CLANG_ENABLE_MODULES = YES;
				CLANG_ENABLE_OBJC_ARC = YES;
				CLANG_WARN_BOOL_CONVERSION = YES;
				CLANG_WARN_CONSTANT_CONVERSION = YES;
				CLANG_WARN_DIRECT_OBJC_ISA_USAGE = YES_ERROR;
				CLANG_WARN_EMPTY_BODY = YES;
				CLANG_WARN_ENUM_CONVERSION = YES;
				CLANG_WARN_INT_CONVERSION = YES;
				CLANG_WARN_OBJC_ROOT_CLASS = YES_ERROR;
				CLANG_WARN_UNREACHABLE_CODE = YES;
				CLANG_WARN__DUPLICATE_METHOD_MATCH = YES;
				"CODE_SIGN_IDENTITY[sdk=iphoneos*]" = "iPhone Developer";
				COPY_PHASE_STRIP = NO;
				DEBUG_INFORMATION_FORMAT = "dwarf-with-dsym";
				ENABLE_NS_ASSERTIONS = NO;
				ENABLE_STRICT_OBJC_MSGSEND = YES;
				GCC_C_LANGUAGE_STANDARD = gnu99;
				GCC_NO_COMMON_BLOCKS = YES;
				GCC_WARN_64_TO_32_BIT_CONVERSION = YES;
				GCC_WARN_ABOUT_RETURN_TYPE = YES_ERROR;
				GCC_WARN_UNDECLARED_SELECTOR = YES;
				GCC_WARN_UNINITIALIZED_AUTOS = YES_AGGRESSIVE;
				GCC_WARN_UNUSED_FUNCTION = YES;
				GCC_WARN_UNUSED_VARIABLE = YES;
				IPHONEOS_DEPLOYMENT_TARGET = 9.2;
				MTL_ENABLE_DEBUG_INFO = NO;
				SDKROOT = iphoneos;
				VALIDATE_PRODUCT = YES;
			};
			name = Release;
		};
		90A6D0661DA88DA7007741DA /* Debug */ = {
			isa = XCBuildConfiguration;
			buildSettings = {
				ASSETCATALOG_COMPILER_APPICON_NAME = AppIcon;
				INFOPLIST_FILE = SourceDemo/Info.plist;
				LD_RUNPATH_SEARCH_PATHS = "$(inherited) @executable_path/Frameworks";
				PRODUCT_BUNDLE_IDENTIFIER = com.xiaoa365.SourceDemo;
				PRODUCT_NAME = "$(TARGET_NAME)";
			};
			name = Debug;
		};
		90A6D0671DA88DA7007741DA /* Release */ = {
			isa = XCBuildConfiguration;
			buildSettings = {
				ASSETCATALOG_COMPILER_APPICON_NAME = AppIcon;
				INFOPLIST_FILE = SourceDemo/Info.plist;
				LD_RUNPATH_SEARCH_PATHS = "$(inherited) @executable_path/Frameworks";
				PRODUCT_BUNDLE_IDENTIFIER = com.xiaoa365.SourceDemo;
				PRODUCT_NAME = "$(TARGET_NAME)";
			};
			name = Release;
		};
/* End XCBuildConfiguration section */

/* Begin XCConfigurationList section */
		90A6D04E1DA88DA7007741DA /* Build configuration list for PBXProject "SourceDemo" */ = {
			isa = XCConfigurationList;
			buildConfigurations = (
				90A6D0631DA88DA7007741DA /* Debug */,
				90A6D0641DA88DA7007741DA /* Release */,
			);
			defaultConfigurationIsVisible = 0;
			defaultConfigurationName = Release;
		};
		90A6D0651DA88DA7007741DA /* Build configuration list for PBXNativeTarget "SourceDemo" */ = {
			isa = XCConfigurationList;
			buildConfigurations = (
				90A6D0661DA88DA7007741DA /* Debug */,
				90A6D0671DA88DA7007741DA /* Release */,
			);
			defaultConfigurationIsVisible = 0;
		};
/* End XCConfigurationList section */
	};
	rootObject = 90A6D04B1DA88DA7007741DA /* Project object */;
}
